
Microsoft Visual Studio Solution File, Format Version 12.00
# Visual Studio Version 17
VisualStudioVersion = 17.0.31903.59
MinimumVisualStudioVersion = 10.0.40219.1
Project("{2150E333-8FDC-42A3-9474-1A3956D46DE8}") = "src", "src", "{B858EBBA-86B9-430C-9C0D-F237B0D356D7}"
EndProject
Project("{FAE04EC0-301F-11D3-BF4B-00C04F79EFBC}") = "netcore-util", "src\util\netcore-util.csproj", "{30E3A938-0F6C-4164-9B8B-EA738FC24942}"
EndProject
Project("{FAE04EC0-301F-11D3-BF4B-00C04F79EFBC}") = "test", "src\test\test.csproj", "{D02A4DB8-F643-4C0E-BBE7-30829470F6BB}"
EndProject
Project("{2150E333-8FDC-42A3-9474-1A3956D46DE8}") = "examples", "examples", "{648245A9-03D0-41BD-A15A-5CCD806A8AD5}"
EndProject
Project("{FAE04EC0-301F-11D3-BF4B-00C04F79EFBC}") = "exec-bash-redirect", "examples\exec-bash-redirect\exec-bash-redirect.csproj", "{DE6CE1CA-8FD6-4F3F-A2CA-427FB223FA30}"
EndProject
Global
	GlobalSection(SolutionConfigurationPlatforms) = preSolution
		Debug|Any CPU = Debug|Any CPU
		Release|Any CPU = Release|Any CPU
	EndGlobalSection
	GlobalSection(SolutionProperties) = preSolution
		HideSolutionNode = FALSE
	EndGlobalSection
	GlobalSection(ProjectConfigurationPlatforms) = postSolution
		{30E3A938-0F6C-4164-9B8B-EA738FC24942}.Debug|Any CPU.ActiveCfg = Debug|Any CPU
		{30E3A938-0F6C-4164-9B8B-EA738FC24942}.Debug|Any CPU.Build.0 = Debug|Any CPU
		{30E3A938-0F6C-4164-9B8B-EA738FC24942}.Release|Any CPU.ActiveCfg = Release|Any CPU
		{30E3A938-0F6C-4164-9B8B-EA738FC24942}.Release|Any CPU.Build.0 = Release|Any CPU
		{D02A4DB8-F643-4C0E-BBE7-30829470F6BB}.Debug|Any CPU.ActiveCfg = Debug|Any CPU
		{D02A4DB8-F643-4C0E-BBE7-30829470F6BB}.Debug|Any CPU.Build.0 = Debug|Any CPU
		{D02A4DB8-F643-4C0E-BBE7-30829470F6BB}.Release|Any CPU.ActiveCfg = Release|Any CPU
		{D02A4DB8-F643-4C0E-BBE7-30829470F6BB}.Release|Any CPU.Build.0 = Release|Any CPU
		{DE6CE1CA-8FD6-4F3F-A2CA-427FB223FA30}.Debug|Any CPU.ActiveCfg = Debug|Any CPU
		{DE6CE1CA-8FD6-4F3F-A2CA-427FB223FA30}.Debug|Any CPU.Build.0 = Debug|Any CPU
		{DE6CE1CA-8FD6-4F3F-A2CA-427FB223FA30}.Release|Any CPU.ActiveCfg = Release|Any CPU
		{DE6CE1CA-8FD6-4F3F-A2CA-427FB223FA30}.Release|Any CPU.Build.0 = Release|Any CPU
	EndGlobalSection
	GlobalSection(NestedProjects) = preSolution
		{30E3A938-0F6C-4164-9B8B-EA738FC24942} = {B858EBBA-86B9-430C-9C0D-F237B0D356D7}
		{D02A4DB8-F643-4C0E-BBE7-30829470F6BB} = {B858EBBA-86B9-430C-9C0D-F237B0D356D7}
		{DE6CE1CA-8FD6-4F3F-A2CA-427FB223FA30} = {648245A9-03D0-41BD-A15A-5CCD806A8AD5}
	EndGlobalSection
EndGlobal
